
Microsoft Visual Studio Solution File, Format Version 12.00
# Visual Studio Version 17
VisualStudioVersion = 17.8.34322.80
MinimumVisualStudioVersion = 10.0.40219.1
Project("{9A19103F-16F7-4668-BE54-9A1E7A4F7556}") = "BL3w_GroupProject", "BL3w_GroupProject\BL3w_GroupProject.csproj", "{AFF4BD22-0B2B-4332-9311-B38B4BBAC6EF}"
EndProject
Project("{9A19103F-16F7-4668-BE54-9A1E7A4F7556}") = "DAO", "DAO\DAO.csproj", "{E8D020C5-626D-4977-A259-BB9C7ECB05D9}"
EndProject
Project("{9A19103F-16F7-4668-BE54-9A1E7A4F7556}") = "BusinessObject", "BusinessObject\BusinessObject.csproj", "{B2846A6B-0153-4BF7-8220-6C3138721E2E}"
EndProject
Project("{9A19103F-16F7-4668-BE54-9A1E7A4F7556}") = "Repositories", "Repositories\Repositories.csproj", "{D71C2D86-F9C1-4940-A1BA-2A8F5F39E559}"
EndProject
Project("{9A19103F-16F7-4668-BE54-9A1E7A4F7556}") = "Service", "Service\Service.csproj", "{7F10A4A4-85C3-4162-9B6B-33150C6980B4}"
EndProject
Global
	GlobalSection(SolutionConfigurationPlatforms) = preSolution
		Debug|Any CPU = Debug|Any CPU
		Release|Any CPU = Release|Any CPU
	EndGlobalSection
	GlobalSection(ProjectConfigurationPlatforms) = postSolution
		{AFF4BD22-0B2B-4332-9311-B38B4BBAC6EF}.Debug|Any CPU.ActiveCfg = Debug|Any CPU
		{AFF4BD22-0B2B-4332-9311-B38B4BBAC6EF}.Debug|Any CPU.Build.0 = Debug|Any CPU
		{AFF4BD22-0B2B-4332-9311-B38B4BBAC6EF}.Release|Any CPU.ActiveCfg = Release|Any CPU
		{AFF4BD22-0B2B-4332-9311-B38B4BBAC6EF}.Release|Any CPU.Build.0 = Release|Any CPU
		{E8D020C5-626D-4977-A259-BB9C7ECB05D9}.Debug|Any CPU.ActiveCfg = Debug|Any CPU
		{E8D020C5-626D-4977-A259-BB9C7ECB05D9}.Debug|Any CPU.Build.0 = Debug|Any CPU
		{E8D020C5-626D-4977-A259-BB9C7ECB05D9}.Release|Any CPU.ActiveCfg = Release|Any CPU
		{E8D020C5-626D-4977-A259-BB9C7ECB05D9}.Release|Any CPU.Build.0 = Release|Any CPU
		{B2846A6B-0153-4BF7-8220-6C3138721E2E}.Debug|Any CPU.ActiveCfg = Debug|Any CPU
		{B2846A6B-0153-4BF7-8220-6C3138721E2E}.Debug|Any CPU.Build.0 = Debug|Any CPU
		{B2846A6B-0153-4BF7-8220-6C3138721E2E}.Release|Any CPU.ActiveCfg = Release|Any CPU
		{B2846A6B-0153-4BF7-8220-6C3138721E2E}.Release|Any CPU.Build.0 = Release|Any CPU
		{D71C2D86-F9C1-4940-A1BA-2A8F5F39E559}.Debug|Any CPU.ActiveCfg = Debug|Any CPU
		{D71C2D86-F9C1-4940-A1BA-2A8F5F39E559}.Debug|Any CPU.Build.0 = Debug|Any CPU
		{D71C2D86-F9C1-4940-A1BA-2A8F5F39E559}.Release|Any CPU.ActiveCfg = Release|Any CPU
		{D71C2D86-F9C1-4940-A1BA-2A8F5F39E559}.Release|Any CPU.Build.0 = Release|Any CPU
		{7F10A4A4-85C3-4162-9B6B-33150C6980B4}.Debug|Any CPU.ActiveCfg = Debug|Any CPU
		{7F10A4A4-85C3-4162-9B6B-33150C6980B4}.Debug|Any CPU.Build.0 = Debug|Any CPU
		{7F10A4A4-85C3-4162-9B6B-33150C6980B4}.Release|Any CPU.ActiveCfg = Release|Any CPU
		{7F10A4A4-85C3-4162-9B6B-33150C6980B4}.Release|Any CPU.Build.0 = Release|Any CPU
	EndGlobalSection
	GlobalSection(SolutionProperties) = preSolution
		HideSolutionNode = FALSE
	EndGlobalSection
	GlobalSection(ExtensibilityGlobals) = postSolution
		SolutionGuid = {09786F43-2329-4B59-80AB-EF6B3ACCE72D}
	EndGlobalSection
EndGlobal
